
Microsoft Visual Studio Solution File, Format Version 12.00
# Visual Studio 2017
Project("{FAE04EC0-301F-11D3-BF4B-00C04F79EFBC}") = "tank", "tank.csproj", "{532AF1E3-190F-7982-E378-8A818EE8963D}"
EndProject
Project("{FAE04EC0-301F-11D3-BF4B-00C04F79EFBC}") = "tank.Plugins", "tank.Plugins.csproj", "{12E773F4-6C33-ED83-863D-FC676DC32475}"
EndProject
Project("{FAE04EC0-301F-11D3-BF4B-00C04F79EFBC}") = "tank.Editor.Plugins", "tank.Editor.Plugins.csproj", "{2380A197-73A6-6D01-1700-89B37A2778D3}"
EndProject
Global
	GlobalSection(SolutionConfigurationPlatforms) = preSolution
		Debug|Any CPU = Debug|Any CPU
		Release|Any CPU = Release|Any CPU
	EndGlobalSection
	GlobalSection(ProjectConfigurationPlatforms) = postSolution
		{532AF1E3-190F-7982-E378-8A818EE8963D}.Debug|Any CPU.ActiveCfg = Debug|Any CPU
		{532AF1E3-190F-7982-E378-8A818EE8963D}.Debug|Any CPU.Build.0 = Debug|Any CPU
		{532AF1E3-190F-7982-E378-8A818EE8963D}.Release|Any CPU.ActiveCfg = Release|Any CPU
		{532AF1E3-190F-7982-E378-8A818EE8963D}.Release|Any CPU.Build.0 = Release|Any CPU
		{12E773F4-6C33-ED83-863D-FC676DC32475}.Debug|Any CPU.ActiveCfg = Debug|Any CPU
		{12E773F4-6C33-ED83-863D-FC676DC32475}.Debug|Any CPU.Build.0 = Debug|Any CPU
		{12E773F4-6C33-ED83-863D-FC676DC32475}.Release|Any CPU.ActiveCfg = Release|Any CPU
		{12E773F4-6C33-ED83-863D-FC676DC32475}.Release|Any CPU.Build.0 = Release|Any CPU
		{2380A197-73A6-6D01-1700-89B37A2778D3}.Debug|Any CPU.ActiveCfg = Debug|Any CPU
		{2380A197-73A6-6D01-1700-89B37A2778D3}.Debug|Any CPU.Build.0 = Debug|Any CPU
		{2380A197-73A6-6D01-1700-89B37A2778D3}.Release|Any CPU.ActiveCfg = Release|Any CPU
		{2380A197-73A6-6D01-1700-89B37A2778D3}.Release|Any CPU.Build.0 = Release|Any CPU
	EndGlobalSection
	GlobalSection(SolutionProperties) = preSolution
		HideSolutionNode = FALSE
	EndGlobalSection
EndGlobal
